
Microsoft Visual Studio Solution File, Format Version 12.00
# Visual Studio Version 17
VisualStudioVersion = 17.0.31912.275
MinimumVisualStudioVersion = 10.0.40219.1
Project("{9A19103F-16F7-4668-BE54-9A1E7A4F7556}") = "ArchiveLib", "sa_tools\Libraries\ArchiveLib\ArchiveLib.csproj", "{29BD5A4F-1400-471C-BCFC-F1EE2A0EC73A}"
EndProject
Project("{9A19103F-16F7-4668-BE54-9A1E7A4F7556}") = "FraGag.Compression.Prs", "sa_tools\Libraries\FraGag.Compression.Prs\FraGag.Compression.Prs.csproj", "{EC8BB2B3-1975-41B9-8D59-3A6403271112}"
EndProject
Project("{9A19103F-16F7-4668-BE54-9A1E7A4F7556}") = "SAEditorCommon", "sa_tools\Libraries\SAEditorCommon\SAEditorCommon.csproj", "{0D72870C-29A2-4B16-B016-2F2E266A0E64}"
EndProject
Project("{9A19103F-16F7-4668-BE54-9A1E7A4F7556}") = "SAModel", "sa_tools\Libraries\SAModel\SAModel.csproj", "{0EE5D36F-CACF-41E9-8C9A-76FFD946B22D}"
EndProject
Project("{9A19103F-16F7-4668-BE54-9A1E7A4F7556}") = "SAModel.Direct3D", "sa_tools\Libraries\SAModel.Direct3D\SAModel.Direct3D.csproj", "{E81631CC-8721-425B-87A3-CB6199DECAF4}"
EndProject
Project("{9A19103F-16F7-4668-BE54-9A1E7A4F7556}") = "SplitTools", "sa_tools\Libraries\SplitTools\SplitTools.csproj", "{50847BDB-699D-4A2E-AAF7-1EA58E1EC48E}"
EndProject
Project("{2150E333-8FDC-42A3-9474-1A3956D46DE8}") = "SA Tools Libraries", "SA Tools Libraries", "{37E55E91-FEEC-419F-A407-E4DE7ACF4690}"
EndProject
Project("{9A19103F-16F7-4668-BE54-9A1E7A4F7556}") = "ObjScan", "CommandLine\ObjScan\ObjScan.csproj", "{E19BB18E-A41D-4E67-BBB3-E13362A9B1C9}"
EndProject
Project("{9A19103F-16F7-4668-BE54-9A1E7A4F7556}") = "CompareTool", "CommandLine\CompareTool\CompareTool.csproj", "{E5DA1E0B-F730-43A3-B4DB-FDD6F4A5447D}"
EndProject
Project("{9A19103F-16F7-4668-BE54-9A1E7A4F7556}") = "FunctionListGenerator", "CommandLine\FunctionListGenerator\FunctionListGenerator.csproj", "{397FCC67-9C8A-43E7-BA1D-2003AABDD366}"
EndProject
Project("{9A19103F-16F7-4668-BE54-9A1E7A4F7556}") = "LabelTool", "CommandLine\LabelTool\LabelTool.csproj", "{AEBA4D95-D4E8-4ECB-AA78-1D962CC6E185}"
EndProject
Project("{9A19103F-16F7-4668-BE54-9A1E7A4F7556}") = "MLTExtract", "CommandLine\MLTExtract\MLTExtract.csproj", "{BDB09269-4596-4020-9250-1711D19C3014}"
EndProject
Project("{9A19103F-16F7-4668-BE54-9A1E7A4F7556}") = "njConvert", "CommandLine\njConvert\njConvert.csproj", "{2362E895-04A1-4784-844D-C20685666518}"
EndProject
Project("{9A19103F-16F7-4668-BE54-9A1E7A4F7556}") = "SETCodeGenerator", "CommandLine\SETCodeGenerator\SETCodeGenerator.csproj", "{948C5C71-C47F-4129-9E01-7F04071863F4}"
EndProject
Project("{9A19103F-16F7-4668-BE54-9A1E7A4F7556}") = "StructExporter", "CommandLine\StructExporter\StructExporter.csproj", "{3A3A39F7-70DC-4F5E-8607-CCA2D6B6A9EB}"
EndProject
Project("{9A19103F-16F7-4668-BE54-9A1E7A4F7556}") = "NBTool", "CommandLine\NBTool\NBTool.csproj", "{77BE3983-4417-4087-96D7-7A48BF50DF89}"
EndProject
Project("{9A19103F-16F7-4668-BE54-9A1E7A4F7556}") = "VariableListGenerator", "CommandLine\VariableListGenerator\VariableListGenerator.csproj", "{BD125752-C906-4935-8E7C-7BB2AB741143}"
EndProject
Project("{9A19103F-16F7-4668-BE54-9A1E7A4F7556}") = "splitExt", "CommandLine\splitExt\splitExt.csproj", "{2DC86B9B-D691-4D64-9F74-65420B56F6A7}"
EndProject
Project("{9A19103F-16F7-4668-BE54-9A1E7A4F7556}") = "MetaTransfer", "CommandLine\MetaTransfer\MetaTransfer.csproj", "{B7756ECF-1006-4998-BC04-966B3F313E6A}"
EndProject
Project("{9A19103F-16F7-4668-BE54-9A1E7A4F7556}") = "BlockBitTool", "CommandLine\BlockBitTool\BlockBitTool.csproj", "{B47DBC13-8CF1-46C7-85AA-1640438D3D73}"
EndProject
Project("{9A19103F-16F7-4668-BE54-9A1E7A4F7556}") = "RecreatePVM", "CommandLine\RecreatePVM\RecreatePVM.csproj", "{E87779B8-0878-4601-A54D-6B00A1882FE7}"
EndProject
Project("{9A19103F-16F7-4668-BE54-9A1E7A4F7556}") = "SoundBankEditor", "SoundBankEditor\SoundBankEditor.csproj", "{9B049A04-35C8-4B63-8095-330DD07E903F}"
EndProject
Project("{9A19103F-16F7-4668-BE54-9A1E7A4F7556}") = "VrSharp", "sa_tools\Libraries\VrSharp\VrSharp.csproj", "{969BEF6A-7574-43BF-88C1-94F4CEA2F99C}"
EndProject
Project("{9A19103F-16F7-4668-BE54-9A1E7A4F7556}") = "NvTriStripDotNet", "sa_tools\Libraries\NvTriStripDotNet\NvTriStripDotNet.csproj", "{E61EE918-7C2F-4D58-A666-2BEA78B3B215}"
EndProject
Project("{FAE04EC0-301F-11D3-BF4B-00C04F79EFBC}") = "MatchTexID", "CommandLine\MatchTexID\MatchTexID.csproj", "{1EA624E6-0453-4617-9143-05D7E6373D50}"
EndProject
Global
	GlobalSection(SolutionConfigurationPlatforms) = preSolution
		Debug|Any CPU = Debug|Any CPU
		Debug|x64 = Debug|x64
		Debug|x86 = Debug|x86
		Release|Any CPU = Release|Any CPU
		Release|x64 = Release|x64
		Release|x86 = Release|x86
	EndGlobalSection
	GlobalSection(ProjectConfigurationPlatforms) = postSolution
		{29BD5A4F-1400-471C-BCFC-F1EE2A0EC73A}.Debug|Any CPU.ActiveCfg = Debug|x64
		{29BD5A4F-1400-471C-BCFC-F1EE2A0EC73A}.Debug|Any CPU.Build.0 = Debug|x64
		{29BD5A4F-1400-471C-BCFC-F1EE2A0EC73A}.Debug|x64.ActiveCfg = Debug|x64
		{29BD5A4F-1400-471C-BCFC-F1EE2A0EC73A}.Debug|x64.Build.0 = Debug|x64
		{29BD5A4F-1400-471C-BCFC-F1EE2A0EC73A}.Debug|x86.ActiveCfg = Debug|x86
		{29BD5A4F-1400-471C-BCFC-F1EE2A0EC73A}.Debug|x86.Build.0 = Debug|x86
		{29BD5A4F-1400-471C-BCFC-F1EE2A0EC73A}.Release|Any CPU.ActiveCfg = Release|x64
		{29BD5A4F-1400-471C-BCFC-F1EE2A0EC73A}.Release|Any CPU.Build.0 = Release|x64
		{29BD5A4F-1400-471C-BCFC-F1EE2A0EC73A}.Release|x64.ActiveCfg = Release|x64
		{29BD5A4F-1400-471C-BCFC-F1EE2A0EC73A}.Release|x64.Build.0 = Release|x64
		{29BD5A4F-1400-471C-BCFC-F1EE2A0EC73A}.Release|x86.ActiveCfg = Release|x86
		{29BD5A4F-1400-471C-BCFC-F1EE2A0EC73A}.Release|x86.Build.0 = Release|x86
		{EC8BB2B3-1975-41B9-8D59-3A6403271112}.Debug|Any CPU.ActiveCfg = Debug|x64
		{EC8BB2B3-1975-41B9-8D59-3A6403271112}.Debug|Any CPU.Build.0 = Debug|x64
		{EC8BB2B3-1975-41B9-8D59-3A6403271112}.Debug|x64.ActiveCfg = Debug|x64
		{EC8BB2B3-1975-41B9-8D59-3A6403271112}.Debug|x64.Build.0 = Debug|x64
		{EC8BB2B3-1975-41B9-8D59-3A6403271112}.Debug|x86.ActiveCfg = Debug|x86
		{EC8BB2B3-1975-41B9-8D59-3A6403271112}.Debug|x86.Build.0 = Debug|x86
		{EC8BB2B3-1975-41B9-8D59-3A6403271112}.Release|Any CPU.ActiveCfg = Release|x64
		{EC8BB2B3-1975-41B9-8D59-3A6403271112}.Release|Any CPU.Build.0 = Release|x64
		{EC8BB2B3-1975-41B9-8D59-3A6403271112}.Release|x64.ActiveCfg = Release|x64
		{EC8BB2B3-1975-41B9-8D59-3A6403271112}.Release|x64.Build.0 = Release|x64
		{EC8BB2B3-1975-41B9-8D59-3A6403271112}.Release|x86.ActiveCfg = Release|x86
		{EC8BB2B3-1975-41B9-8D59-3A6403271112}.Release|x86.Build.0 = Release|x86
		{0D72870C-29A2-4B16-B016-2F2E266A0E64}.Debug|Any CPU.ActiveCfg = Debug|x64
		{0D72870C-29A2-4B16-B016-2F2E266A0E64}.Debug|Any CPU.Build.0 = Debug|x64
		{0D72870C-29A2-4B16-B016-2F2E266A0E64}.Debug|x64.ActiveCfg = Debug|x64
		{0D72870C-29A2-4B16-B016-2F2E266A0E64}.Debug|x64.Build.0 = Debug|x64
		{0D72870C-29A2-4B16-B016-2F2E266A0E64}.Debug|x86.ActiveCfg = Debug|x86
		{0D72870C-29A2-4B16-B016-2F2E266A0E64}.Debug|x86.Build.0 = Debug|x86
		{0D72870C-29A2-4B16-B016-2F2E266A0E64}.Release|Any CPU.ActiveCfg = Release|x64
		{0D72870C-29A2-4B16-B016-2F2E266A0E64}.Release|Any CPU.Build.0 = Release|x64
		{0D72870C-29A2-4B16-B016-2F2E266A0E64}.Release|x64.ActiveCfg = Release|x64
		{0D72870C-29A2-4B16-B016-2F2E266A0E64}.Release|x64.Build.0 = Release|x64
		{0D72870C-29A2-4B16-B016-2F2E266A0E64}.Release|x86.ActiveCfg = Release|x86
		{0D72870C-29A2-4B16-B016-2F2E266A0E64}.Release|x86.Build.0 = Release|x86
		{0EE5D36F-CACF-41E9-8C9A-76FFD946B22D}.Debug|Any CPU.ActiveCfg = Debug|x64
		{0EE5D36F-CACF-41E9-8C9A-76FFD946B22D}.Debug|Any CPU.Build.0 = Debug|x64
		{0EE5D36F-CACF-41E9-8C9A-76FFD946B22D}.Debug|x64.ActiveCfg = Debug|x64
		{0EE5D36F-CACF-41E9-8C9A-76FFD946B22D}.Debug|x64.Build.0 = Debug|x64
		{0EE5D36F-CACF-41E9-8C9A-76FFD946B22D}.Debug|x86.ActiveCfg = Debug|x86
		{0EE5D36F-CACF-41E9-8C9A-76FFD946B22D}.Debug|x86.Build.0 = Debug|x86
		{0EE5D36F-CACF-41E9-8C9A-76FFD946B22D}.Release|Any CPU.ActiveCfg = Release|x64
		{0EE5D36F-CACF-41E9-8C9A-76FFD946B22D}.Release|Any CPU.Build.0 = Release|x64
		{0EE5D36F-CACF-41E9-8C9A-76FFD946B22D}.Release|x64.ActiveCfg = Release|x64
		{0EE5D36F-CACF-41E9-8C9A-76FFD946B22D}.Release|x64.Build.0 = Release|x64
		{0EE5D36F-CACF-41E9-8C9A-76FFD946B22D}.Release|x86.ActiveCfg = Release|x86
		{0EE5D36F-CACF-41E9-8C9A-76FFD946B22D}.Release|x86.Build.0 = Release|x86
		{E81631CC-8721-425B-87A3-CB6199DECAF4}.Debug|Any CPU.ActiveCfg = Debug|x64
		{E81631CC-8721-425B-87A3-CB6199DECAF4}.Debug|Any CPU.Build.0 = Debug|x64
		{E81631CC-8721-425B-87A3-CB6199DECAF4}.Debug|x64.ActiveCfg = Debug|x64
		{E81631CC-8721-425B-87A3-CB6199DECAF4}.Debug|x64.Build.0 = Debug|x64
		{E81631CC-8721-425B-87A3-CB6199DECAF4}.Debug|x86.ActiveCfg = Debug|x86
		{E81631CC-8721-425B-87A3-CB6199DECAF4}.Debug|x86.Build.0 = Debug|x86
		{E81631CC-8721-425B-87A3-CB6199DECAF4}.Release|Any CPU.ActiveCfg = Release|x64
		{E81631CC-8721-425B-87A3-CB6199DECAF4}.Release|Any CPU.Build.0 = Release|x64
		{E81631CC-8721-425B-87A3-CB6199DECAF4}.Release|x64.ActiveCfg = Release|x64
		{E81631CC-8721-425B-87A3-CB6199DECAF4}.Release|x64.Build.0 = Release|x64
		{E81631CC-8721-425B-87A3-CB6199DECAF4}.Release|x86.ActiveCfg = Release|x86
		{E81631CC-8721-425B-87A3-CB6199DECAF4}.Release|x86.Build.0 = Release|x86
		{50847BDB-699D-4A2E-AAF7-1EA58E1EC48E}.Debug|Any CPU.ActiveCfg = Debug|x64
		{50847BDB-699D-4A2E-AAF7-1EA58E1EC48E}.Debug|Any CPU.Build.0 = Debug|x64
		{50847BDB-699D-4A2E-AAF7-1EA58E1EC48E}.Debug|x64.ActiveCfg = Debug|x64
		{50847BDB-699D-4A2E-AAF7-1EA58E1EC48E}.Debug|x64.Build.0 = Debug|x64
		{50847BDB-699D-4A2E-AAF7-1EA58E1EC48E}.Debug|x86.ActiveCfg = Debug|x86
		{50847BDB-699D-4A2E-AAF7-1EA58E1EC48E}.Debug|x86.Build.0 = Debug|x86
		{50847BDB-699D-4A2E-AAF7-1EA58E1EC48E}.Release|Any CPU.ActiveCfg = Release|x64
		{50847BDB-699D-4A2E-AAF7-1EA58E1EC48E}.Release|Any CPU.Build.0 = Release|x64
		{50847BDB-699D-4A2E-AAF7-1EA58E1EC48E}.Release|x64.ActiveCfg = Release|x64
		{50847BDB-699D-4A2E-AAF7-1EA58E1EC48E}.Release|x64.Build.0 = Release|x64
		{50847BDB-699D-4A2E-AAF7-1EA58E1EC48E}.Release|x86.ActiveCfg = Release|x86
		{50847BDB-699D-4A2E-AAF7-1EA58E1EC48E}.Release|x86.Build.0 = Release|x86
		{E19BB18E-A41D-4E67-BBB3-E13362A9B1C9}.Debug|Any CPU.ActiveCfg = Debug|x64
		{E19BB18E-A41D-4E67-BBB3-E13362A9B1C9}.Debug|Any CPU.Build.0 = Debug|x64
		{E19BB18E-A41D-4E67-BBB3-E13362A9B1C9}.Debug|x64.ActiveCfg = Debug|x64
		{E19BB18E-A41D-4E67-BBB3-E13362A9B1C9}.Debug|x64.Build.0 = Debug|x64
		{E19BB18E-A41D-4E67-BBB3-E13362A9B1C9}.Debug|x86.ActiveCfg = Debug|x86
		{E19BB18E-A41D-4E67-BBB3-E13362A9B1C9}.Debug|x86.Build.0 = Debug|x86
		{E19BB18E-A41D-4E67-BBB3-E13362A9B1C9}.Release|Any CPU.ActiveCfg = Release|x64
		{E19BB18E-A41D-4E67-BBB3-E13362A9B1C9}.Release|Any CPU.Build.0 = Release|x64
		{E19BB18E-A41D-4E67-BBB3-E13362A9B1C9}.Release|x64.ActiveCfg = Release|x64
		{E19BB18E-A41D-4E67-BBB3-E13362A9B1C9}.Release|x64.Build.0 = Release|x64
		{E19BB18E-A41D-4E67-BBB3-E13362A9B1C9}.Release|x86.ActiveCfg = Release|x86
		{E19BB18E-A41D-4E67-BBB3-E13362A9B1C9}.Release|x86.Build.0 = Release|x86
		{E5DA1E0B-F730-43A3-B4DB-FDD6F4A5447D}.Debug|Any CPU.ActiveCfg = Debug|x64
		{E5DA1E0B-F730-43A3-B4DB-FDD6F4A5447D}.Debug|Any CPU.Build.0 = Debug|x64
		{E5DA1E0B-F730-43A3-B4DB-FDD6F4A5447D}.Debug|x64.ActiveCfg = Debug|x64
		{E5DA1E0B-F730-43A3-B4DB-FDD6F4A5447D}.Debug|x64.Build.0 = Debug|x64
		{E5DA1E0B-F730-43A3-B4DB-FDD6F4A5447D}.Debug|x86.ActiveCfg = Debug|x86
		{E5DA1E0B-F730-43A3-B4DB-FDD6F4A5447D}.Debug|x86.Build.0 = Debug|x86
		{E5DA1E0B-F730-43A3-B4DB-FDD6F4A5447D}.Release|Any CPU.ActiveCfg = Release|x64
		{E5DA1E0B-F730-43A3-B4DB-FDD6F4A5447D}.Release|Any CPU.Build.0 = Release|x64
		{E5DA1E0B-F730-43A3-B4DB-FDD6F4A5447D}.Release|x64.ActiveCfg = Release|x64
		{E5DA1E0B-F730-43A3-B4DB-FDD6F4A5447D}.Release|x64.Build.0 = Release|x64
		{E5DA1E0B-F730-43A3-B4DB-FDD6F4A5447D}.Release|x86.ActiveCfg = Release|x86
		{E5DA1E0B-F730-43A3-B4DB-FDD6F4A5447D}.Release|x86.Build.0 = Release|x86
		{397FCC67-9C8A-43E7-BA1D-2003AABDD366}.Debug|Any CPU.ActiveCfg = Debug|x64
		{397FCC67-9C8A-43E7-BA1D-2003AABDD366}.Debug|Any CPU.Build.0 = Debug|x64
		{397FCC67-9C8A-43E7-BA1D-2003AABDD366}.Debug|x64.ActiveCfg = Debug|x64
		{397FCC67-9C8A-43E7-BA1D-2003AABDD366}.Debug|x64.Build.0 = Debug|x64
		{397FCC67-9C8A-43E7-BA1D-2003AABDD366}.Debug|x86.ActiveCfg = Debug|x86
		{397FCC67-9C8A-43E7-BA1D-2003AABDD366}.Debug|x86.Build.0 = Debug|x86
		{397FCC67-9C8A-43E7-BA1D-2003AABDD366}.Release|Any CPU.ActiveCfg = Release|x64
		{397FCC67-9C8A-43E7-BA1D-2003AABDD366}.Release|Any CPU.Build.0 = Release|x64
		{397FCC67-9C8A-43E7-BA1D-2003AABDD366}.Release|x64.ActiveCfg = Release|x64
		{397FCC67-9C8A-43E7-BA1D-2003AABDD366}.Release|x64.Build.0 = Release|x64
		{397FCC67-9C8A-43E7-BA1D-2003AABDD366}.Release|x86.ActiveCfg = Release|x86
		{397FCC67-9C8A-43E7-BA1D-2003AABDD366}.Release|x86.Build.0 = Release|x86
		{AEBA4D95-D4E8-4ECB-AA78-1D962CC6E185}.Debug|Any CPU.ActiveCfg = Debug|x64
		{AEBA4D95-D4E8-4ECB-AA78-1D962CC6E185}.Debug|Any CPU.Build.0 = Debug|x64
		{AEBA4D95-D4E8-4ECB-AA78-1D962CC6E185}.Debug|x64.ActiveCfg = Debug|x64
		{AEBA4D95-D4E8-4ECB-AA78-1D962CC6E185}.Debug|x64.Build.0 = Debug|x64
		{AEBA4D95-D4E8-4ECB-AA78-1D962CC6E185}.Debug|x86.ActiveCfg = Debug|x86
		{AEBA4D95-D4E8-4ECB-AA78-1D962CC6E185}.Debug|x86.Build.0 = Debug|x86
		{AEBA4D95-D4E8-4ECB-AA78-1D962CC6E185}.Release|Any CPU.ActiveCfg = Release|x64
		{AEBA4D95-D4E8-4ECB-AA78-1D962CC6E185}.Release|Any CPU.Build.0 = Release|x64
		{AEBA4D95-D4E8-4ECB-AA78-1D962CC6E185}.Release|x64.ActiveCfg = Release|x64
		{AEBA4D95-D4E8-4ECB-AA78-1D962CC6E185}.Release|x64.Build.0 = Release|x64
		{AEBA4D95-D4E8-4ECB-AA78-1D962CC6E185}.Release|x86.ActiveCfg = Release|x86
		{AEBA4D95-D4E8-4ECB-AA78-1D962CC6E185}.Release|x86.Build.0 = Release|x86
		{BDB09269-4596-4020-9250-1711D19C3014}.Debug|Any CPU.ActiveCfg = Debug|x64
		{BDB09269-4596-4020-9250-1711D19C3014}.Debug|Any CPU.Build.0 = Debug|x64
		{BDB09269-4596-4020-9250-1711D19C3014}.Debug|x64.ActiveCfg = Debug|x64
		{BDB09269-4596-4020-9250-1711D19C3014}.Debug|x64.Build.0 = Debug|x64
		{BDB09269-4596-4020-9250-1711D19C3014}.Debug|x86.ActiveCfg = Debug|x86
		{BDB09269-4596-4020-9250-1711D19C3014}.Debug|x86.Build.0 = Debug|x86
		{BDB09269-4596-4020-9250-1711D19C3014}.Release|Any CPU.ActiveCfg = Release|x64
		{BDB09269-4596-4020-9250-1711D19C3014}.Release|Any CPU.Build.0 = Release|x64
		{BDB09269-4596-4020-9250-1711D19C3014}.Release|x64.ActiveCfg = Release|x64
		{BDB09269-4596-4020-9250-1711D19C3014}.Release|x64.Build.0 = Release|x64
		{BDB09269-4596-4020-9250-1711D19C3014}.Release|x86.ActiveCfg = Release|x86
		{BDB09269-4596-4020-9250-1711D19C3014}.Release|x86.Build.0 = Release|x86
		{2362E895-04A1-4784-844D-C20685666518}.Debug|Any CPU.ActiveCfg = Debug|x64
		{2362E895-04A1-4784-844D-C20685666518}.Debug|Any CPU.Build.0 = Debug|x64
		{2362E895-04A1-4784-844D-C20685666518}.Debug|x64.ActiveCfg = Debug|x64
		{2362E895-04A1-4784-844D-C20685666518}.Debug|x64.Build.0 = Debug|x64
		{2362E895-04A1-4784-844D-C20685666518}.Debug|x86.ActiveCfg = Debug|x86
		{2362E895-04A1-4784-844D-C20685666518}.Debug|x86.Build.0 = Debug|x86
		{2362E895-04A1-4784-844D-C20685666518}.Release|Any CPU.ActiveCfg = Release|x64
		{2362E895-04A1-4784-844D-C20685666518}.Release|Any CPU.Build.0 = Release|x64
		{2362E895-04A1-4784-844D-C20685666518}.Release|x64.ActiveCfg = Release|x64
		{2362E895-04A1-4784-844D-C20685666518}.Release|x64.Build.0 = Release|x64
		{2362E895-04A1-4784-844D-C20685666518}.Release|x86.ActiveCfg = Release|x86
		{2362E895-04A1-4784-844D-C20685666518}.Release|x86.Build.0 = Release|x86
		{948C5C71-C47F-4129-9E01-7F04071863F4}.Debug|Any CPU.ActiveCfg = Debug|x64
		{948C5C71-C47F-4129-9E01-7F04071863F4}.Debug|Any CPU.Build.0 = Debug|x64
		{948C5C71-C47F-4129-9E01-7F04071863F4}.Debug|x64.ActiveCfg = Debug|x64
		{948C5C71-C47F-4129-9E01-7F04071863F4}.Debug|x64.Build.0 = Debug|x64
		{948C5C71-C47F-4129-9E01-7F04071863F4}.Debug|x86.ActiveCfg = Debug|x86
		{948C5C71-C47F-4129-9E01-7F04071863F4}.Debug|x86.Build.0 = Debug|x86
		{948C5C71-C47F-4129-9E01-7F04071863F4}.Release|Any CPU.ActiveCfg = Release|x64
		{948C5C71-C47F-4129-9E01-7F04071863F4}.Release|Any CPU.Build.0 = Release|x64
		{948C5C71-C47F-4129-9E01-7F04071863F4}.Release|x64.ActiveCfg = Release|x64
		{948C5C71-C47F-4129-9E01-7F04071863F4}.Release|x64.Build.0 = Release|x64
		{948C5C71-C47F-4129-9E01-7F04071863F4}.Release|x86.ActiveCfg = Release|x86
		{948C5C71-C47F-4129-9E01-7F04071863F4}.Release|x86.Build.0 = Release|x86
		{3A3A39F7-70DC-4F5E-8607-CCA2D6B6A9EB}.Debug|Any CPU.ActiveCfg = Debug|x64
		{3A3A39F7-70DC-4F5E-8607-CCA2D6B6A9EB}.Debug|Any CPU.Build.0 = Debug|x64
		{3A3A39F7-70DC-4F5E-8607-CCA2D6B6A9EB}.Debug|x64.ActiveCfg = Debug|x64
		{3A3A39F7-70DC-4F5E-8607-CCA2D6B6A9EB}.Debug|x64.Build.0 = Debug|x64
		{3A3A39F7-70DC-4F5E-8607-CCA2D6B6A9EB}.Debug|x86.ActiveCfg = Debug|x86
		{3A3A39F7-70DC-4F5E-8607-CCA2D6B6A9EB}.Debug|x86.Build.0 = Debug|x86
		{3A3A39F7-70DC-4F5E-8607-CCA2D6B6A9EB}.Release|Any CPU.ActiveCfg = Release|x64
		{3A3A39F7-70DC-4F5E-8607-CCA2D6B6A9EB}.Release|Any CPU.Build.0 = Release|x64
		{3A3A39F7-70DC-4F5E-8607-CCA2D6B6A9EB}.Release|x64.ActiveCfg = Release|x64
		{3A3A39F7-70DC-4F5E-8607-CCA2D6B6A9EB}.Release|x64.Build.0 = Release|x64
		{3A3A39F7-70DC-4F5E-8607-CCA2D6B6A9EB}.Release|x86.ActiveCfg = Release|x86
		{3A3A39F7-70DC-4F5E-8607-CCA2D6B6A9EB}.Release|x86.Build.0 = Release|x86
		{77BE3983-4417-4087-96D7-7A48BF50DF89}.Debug|Any CPU.ActiveCfg = Debug|x64
		{77BE3983-4417-4087-96D7-7A48BF50DF89}.Debug|Any CPU.Build.0 = Debug|x64
		{77BE3983-4417-4087-96D7-7A48BF50DF89}.Debug|x64.ActiveCfg = Debug|x64
		{77BE3983-4417-4087-96D7-7A48BF50DF89}.Debug|x64.Build.0 = Debug|x64
		{77BE3983-4417-4087-96D7-7A48BF50DF89}.Debug|x86.ActiveCfg = Debug|x86
		{77BE3983-4417-4087-96D7-7A48BF50DF89}.Debug|x86.Build.0 = Debug|x86
		{77BE3983-4417-4087-96D7-7A48BF50DF89}.Release|Any CPU.ActiveCfg = Release|x64
		{77BE3983-4417-4087-96D7-7A48BF50DF89}.Release|Any CPU.Build.0 = Release|x64
		{77BE3983-4417-4087-96D7-7A48BF50DF89}.Release|x64.ActiveCfg = Release|x64
		{77BE3983-4417-4087-96D7-7A48BF50DF89}.Release|x64.Build.0 = Release|x64
		{77BE3983-4417-4087-96D7-7A48BF50DF89}.Release|x86.ActiveCfg = Release|x86
		{77BE3983-4417-4087-96D7-7A48BF50DF89}.Release|x86.Build.0 = Release|x86
		{BD125752-C906-4935-8E7C-7BB2AB741143}.Debug|Any CPU.ActiveCfg = Debug|x64
		{BD125752-C906-4935-8E7C-7BB2AB741143}.Debug|Any CPU.Build.0 = Debug|x64
		{BD125752-C906-4935-8E7C-7BB2AB741143}.Debug|x64.ActiveCfg = Debug|x64
		{BD125752-C906-4935-8E7C-7BB2AB741143}.Debug|x64.Build.0 = Debug|x64
		{BD125752-C906-4935-8E7C-7BB2AB741143}.Debug|x86.ActiveCfg = Debug|x86
		{BD125752-C906-4935-8E7C-7BB2AB741143}.Debug|x86.Build.0 = Debug|x86
		{BD125752-C906-4935-8E7C-7BB2AB741143}.Release|Any CPU.ActiveCfg = Release|x64
		{BD125752-C906-4935-8E7C-7BB2AB741143}.Release|Any CPU.Build.0 = Release|x64
		{BD125752-C906-4935-8E7C-7BB2AB741143}.Release|x64.ActiveCfg = Release|x64
		{BD125752-C906-4935-8E7C-7BB2AB741143}.Release|x64.Build.0 = Release|x64
		{BD125752-C906-4935-8E7C-7BB2AB741143}.Release|x86.ActiveCfg = Release|x86
		{BD125752-C906-4935-8E7C-7BB2AB741143}.Release|x86.Build.0 = Release|x86
		{2DC86B9B-D691-4D64-9F74-65420B56F6A7}.Debug|Any CPU.ActiveCfg = Debug|x64
		{2DC86B9B-D691-4D64-9F74-65420B56F6A7}.Debug|Any CPU.Build.0 = Debug|x64
		{2DC86B9B-D691-4D64-9F74-65420B56F6A7}.Debug|x64.ActiveCfg = Debug|x64
		{2DC86B9B-D691-4D64-9F74-65420B56F6A7}.Debug|x64.Build.0 = Debug|x64
		{2DC86B9B-D691-4D64-9F74-65420B56F6A7}.Debug|x86.ActiveCfg = Debug|x86
		{2DC86B9B-D691-4D64-9F74-65420B56F6A7}.Debug|x86.Build.0 = Debug|x86
		{2DC86B9B-D691-4D64-9F74-65420B56F6A7}.Release|Any CPU.ActiveCfg = Release|x64
		{2DC86B9B-D691-4D64-9F74-65420B56F6A7}.Release|Any CPU.Build.0 = Release|x64
		{2DC86B9B-D691-4D64-9F74-65420B56F6A7}.Release|x64.ActiveCfg = Release|x64
		{2DC86B9B-D691-4D64-9F74-65420B56F6A7}.Release|x64.Build.0 = Release|x64
		{2DC86B9B-D691-4D64-9F74-65420B56F6A7}.Release|x86.ActiveCfg = Release|x86
		{2DC86B9B-D691-4D64-9F74-65420B56F6A7}.Release|x86.Build.0 = Release|x86
		{B7756ECF-1006-4998-BC04-966B3F313E6A}.Debug|Any CPU.ActiveCfg = Debug|x64
		{B7756ECF-1006-4998-BC04-966B3F313E6A}.Debug|Any CPU.Build.0 = Debug|x64
		{B7756ECF-1006-4998-BC04-966B3F313E6A}.Debug|x64.ActiveCfg = Debug|x64
		{B7756ECF-1006-4998-BC04-966B3F313E6A}.Debug|x64.Build.0 = Debug|x64
		{B7756ECF-1006-4998-BC04-966B3F313E6A}.Debug|x86.ActiveCfg = Debug|x86
		{B7756ECF-1006-4998-BC04-966B3F313E6A}.Debug|x86.Build.0 = Debug|x86
		{B7756ECF-1006-4998-BC04-966B3F313E6A}.Release|Any CPU.ActiveCfg = Release|x64
		{B7756ECF-1006-4998-BC04-966B3F313E6A}.Release|Any CPU.Build.0 = Release|x64
		{B7756ECF-1006-4998-BC04-966B3F313E6A}.Release|x64.ActiveCfg = Release|x64
		{B7756ECF-1006-4998-BC04-966B3F313E6A}.Release|x64.Build.0 = Release|x64
		{B7756ECF-1006-4998-BC04-966B3F313E6A}.Release|x86.ActiveCfg = Release|x86
		{B7756ECF-1006-4998-BC04-966B3F313E6A}.Release|x86.Build.0 = Release|x86
		{B47DBC13-8CF1-46C7-85AA-1640438D3D73}.Debug|Any CPU.ActiveCfg = Debug|x64
		{B47DBC13-8CF1-46C7-85AA-1640438D3D73}.Debug|Any CPU.Build.0 = Debug|x64
		{B47DBC13-8CF1-46C7-85AA-1640438D3D73}.Debug|x64.ActiveCfg = Debug|x64
		{B47DBC13-8CF1-46C7-85AA-1640438D3D73}.Debug|x64.Build.0 = Debug|x64
		{B47DBC13-8CF1-46C7-85AA-1640438D3D73}.Debug|x86.ActiveCfg = Debug|x86
		{B47DBC13-8CF1-46C7-85AA-1640438D3D73}.Debug|x86.Build.0 = Debug|x86
		{B47DBC13-8CF1-46C7-85AA-1640438D3D73}.Release|Any CPU.ActiveCfg = Release|x64
		{B47DBC13-8CF1-46C7-85AA-1640438D3D73}.Release|Any CPU.Build.0 = Release|x64
		{B47DBC13-8CF1-46C7-85AA-1640438D3D73}.Release|x64.ActiveCfg = Release|x64
		{B47DBC13-8CF1-46C7-85AA-1640438D3D73}.Release|x64.Build.0 = Release|x64
		{B47DBC13-8CF1-46C7-85AA-1640438D3D73}.Release|x86.ActiveCfg = Release|x86
		{B47DBC13-8CF1-46C7-85AA-1640438D3D73}.Release|x86.Build.0 = Release|x86
		{E87779B8-0878-4601-A54D-6B00A1882FE7}.Debug|Any CPU.ActiveCfg = Debug|x64
		{E87779B8-0878-4601-A54D-6B00A1882FE7}.Debug|Any CPU.Build.0 = Debug|x64
		{E87779B8-0878-4601-A54D-6B00A1882FE7}.Debug|x64.ActiveCfg = Debug|x64
		{E87779B8-0878-4601-A54D-6B00A1882FE7}.Debug|x64.Build.0 = Debug|x64
		{E87779B8-0878-4601-A54D-6B00A1882FE7}.Debug|x86.ActiveCfg = Debug|x86
		{E87779B8-0878-4601-A54D-6B00A1882FE7}.Debug|x86.Build.0 = Debug|x86
		{E87779B8-0878-4601-A54D-6B00A1882FE7}.Release|Any CPU.ActiveCfg = Release|x64
		{E87779B8-0878-4601-A54D-6B00A1882FE7}.Release|Any CPU.Build.0 = Release|x64
		{E87779B8-0878-4601-A54D-6B00A1882FE7}.Release|x64.ActiveCfg = Release|x64
		{E87779B8-0878-4601-A54D-6B00A1882FE7}.Release|x64.Build.0 = Release|x64
		{E87779B8-0878-4601-A54D-6B00A1882FE7}.Release|x86.ActiveCfg = Release|x86
		{E87779B8-0878-4601-A54D-6B00A1882FE7}.Release|x86.Build.0 = Release|x86
		{9B049A04-35C8-4B63-8095-330DD07E903F}.Debug|Any CPU.ActiveCfg = Debug|x64
		{9B049A04-35C8-4B63-8095-330DD07E903F}.Debug|Any CPU.Build.0 = Debug|x64
		{9B049A04-35C8-4B63-8095-330DD07E903F}.Debug|x64.ActiveCfg = Debug|x64
		{9B049A04-35C8-4B63-8095-330DD07E903F}.Debug|x64.Build.0 = Debug|x64
		{9B049A04-35C8-4B63-8095-330DD07E903F}.Debug|x86.ActiveCfg = Debug|x86
		{9B049A04-35C8-4B63-8095-330DD07E903F}.Debug|x86.Build.0 = Debug|x86
		{9B049A04-35C8-4B63-8095-330DD07E903F}.Release|Any CPU.ActiveCfg = Release|x64
		{9B049A04-35C8-4B63-8095-330DD07E903F}.Release|Any CPU.Build.0 = Release|x64
		{9B049A04-35C8-4B63-8095-330DD07E903F}.Release|x64.ActiveCfg = Release|x64
		{9B049A04-35C8-4B63-8095-330DD07E903F}.Release|x64.Build.0 = Release|x64
		{9B049A04-35C8-4B63-8095-330DD07E903F}.Release|x86.ActiveCfg = Release|x86
		{9B049A04-35C8-4B63-8095-330DD07E903F}.Release|x86.Build.0 = Release|x86
		{969BEF6A-7574-43BF-88C1-94F4CEA2F99C}.Debug|Any CPU.ActiveCfg = Debug|x64
		{969BEF6A-7574-43BF-88C1-94F4CEA2F99C}.Debug|Any CPU.Build.0 = Debug|x64
		{969BEF6A-7574-43BF-88C1-94F4CEA2F99C}.Debug|x64.ActiveCfg = Debug|x64
		{969BEF6A-7574-43BF-88C1-94F4CEA2F99C}.Debug|x64.Build.0 = Debug|x64
		{969BEF6A-7574-43BF-88C1-94F4CEA2F99C}.Debug|x86.ActiveCfg = Debug|x86
		{969BEF6A-7574-43BF-88C1-94F4CEA2F99C}.Debug|x86.Build.0 = Debug|x86
		{969BEF6A-7574-43BF-88C1-94F4CEA2F99C}.Release|Any CPU.ActiveCfg = Release|x64
		{969BEF6A-7574-43BF-88C1-94F4CEA2F99C}.Release|Any CPU.Build.0 = Release|x64
		{969BEF6A-7574-43BF-88C1-94F4CEA2F99C}.Release|x64.ActiveCfg = Release|x64
		{969BEF6A-7574-43BF-88C1-94F4CEA2F99C}.Release|x64.Build.0 = Release|x64
		{969BEF6A-7574-43BF-88C1-94F4CEA2F99C}.Release|x86.ActiveCfg = Release|x86
		{969BEF6A-7574-43BF-88C1-94F4CEA2F99C}.Release|x86.Build.0 = Release|x86
		{E61EE918-7C2F-4D58-A666-2BEA78B3B215}.Debug|Any CPU.ActiveCfg = Debug|x64
		{E61EE918-7C2F-4D58-A666-2BEA78B3B215}.Debug|Any CPU.Build.0 = Debug|x64
		{E61EE918-7C2F-4D58-A666-2BEA78B3B215}.Debug|x64.ActiveCfg = Debug|x64
		{E61EE918-7C2F-4D58-A666-2BEA78B3B215}.Debug|x64.Build.0 = Debug|x64
		{E61EE918-7C2F-4D58-A666-2BEA78B3B215}.Debug|x86.ActiveCfg = Debug|x86
		{E61EE918-7C2F-4D58-A666-2BEA78B3B215}.Debug|x86.Build.0 = Debug|x86
		{E61EE918-7C2F-4D58-A666-2BEA78B3B215}.Release|Any CPU.ActiveCfg = Release|x64
		{E61EE918-7C2F-4D58-A666-2BEA78B3B215}.Release|Any CPU.Build.0 = Release|x64
		{E61EE918-7C2F-4D58-A666-2BEA78B3B215}.Release|x64.ActiveCfg = Release|x64
		{E61EE918-7C2F-4D58-A666-2BEA78B3B215}.Release|x64.Build.0 = Release|x64
		{E61EE918-7C2F-4D58-A666-2BEA78B3B215}.Release|x86.ActiveCfg = Release|x86
		{E61EE918-7C2F-4D58-A666-2BEA78B3B215}.Release|x86.Build.0 = Release|x86
		{1EA624E6-0453-4617-9143-05D7E6373D50}.Debug|Any CPU.ActiveCfg = Debug|Any CPU
		{1EA624E6-0453-4617-9143-05D7E6373D50}.Debug|Any CPU.Build.0 = Debug|Any CPU
		{1EA624E6-0453-4617-9143-05D7E6373D50}.Debug|x64.ActiveCfg = Debug|Any CPU
		{1EA624E6-0453-4617-9143-05D7E6373D50}.Debug|x64.Build.0 = Debug|Any CPU
		{1EA624E6-0453-4617-9143-05D7E6373D50}.Debug|x86.ActiveCfg = Debug|Any CPU
		{1EA624E6-0453-4617-9143-05D7E6373D50}.Debug|x86.Build.0 = Debug|Any CPU
		{1EA624E6-0453-4617-9143-05D7E6373D50}.Release|Any CPU.ActiveCfg = Release|Any CPU
		{1EA624E6-0453-4617-9143-05D7E6373D50}.Release|Any CPU.Build.0 = Release|Any CPU
		{1EA624E6-0453-4617-9143-05D7E6373D50}.Release|x64.ActiveCfg = Release|x64
		{1EA624E6-0453-4617-9143-05D7E6373D50}.Release|x64.Build.0 = Release|x64
		{1EA624E6-0453-4617-9143-05D7E6373D50}.Release|x86.ActiveCfg = Release|Any CPU
		{1EA624E6-0453-4617-9143-05D7E6373D50}.Release|x86.Build.0 = Release|Any CPU
	EndGlobalSection
	GlobalSection(SolutionProperties) = preSolution
		HideSolutionNode = FALSE
	EndGlobalSection
	GlobalSection(NestedProjects) = preSolution
		{29BD5A4F-1400-471C-BCFC-F1EE2A0EC73A} = {37E55E91-FEEC-419F-A407-E4DE7ACF4690}
		{EC8BB2B3-1975-41B9-8D59-3A6403271112} = {37E55E91-FEEC-419F-A407-E4DE7ACF4690}
		{0D72870C-29A2-4B16-B016-2F2E266A0E64} = {37E55E91-FEEC-419F-A407-E4DE7ACF4690}
		{0EE5D36F-CACF-41E9-8C9A-76FFD946B22D} = {37E55E91-FEEC-419F-A407-E4DE7ACF4690}
		{E81631CC-8721-425B-87A3-CB6199DECAF4} = {37E55E91-FEEC-419F-A407-E4DE7ACF4690}
		{50847BDB-699D-4A2E-AAF7-1EA58E1EC48E} = {37E55E91-FEEC-419F-A407-E4DE7ACF4690}
		{969BEF6A-7574-43BF-88C1-94F4CEA2F99C} = {37E55E91-FEEC-419F-A407-E4DE7ACF4690}
		{E61EE918-7C2F-4D58-A666-2BEA78B3B215} = {37E55E91-FEEC-419F-A407-E4DE7ACF4690}
	EndGlobalSection
	GlobalSection(ExtensibilityGlobals) = postSolution
		SolutionGuid = {4CABB1FA-B0EE-4D47-B80D-5352ED04607E}
	EndGlobalSection
EndGlobal
